// !$*UTF8*$!
{
	archiveVersion = 1;
	classes = {
	};
	objectVersion = 56;
	objects = {

/* Begin PBXBuildFile section */
		8B30DDE928FF25BF00CAFB5C /* PSSensing.framework in Embed Frameworks */ = {isa = PBXBuildFile; fileRef = 8B9B6E8A28FF257E00C99C2F /* PSSensing.framework */; settings = {ATTRIBUTES = (CodeSignOnCopy, RemoveHeadersOnCopy, ); }; };
		8B9B6E5A28FF23F900C99C2F /* AppDelegate.swift in Sources */ = {isa = PBXBuildFile; fileRef = 8B9B6E5928FF23F900C99C2F /* AppDelegate.swift */; };
		8B9B6E5C28FF23F900C99C2F /* SceneDelegate.swift in Sources */ = {isa = PBXBuildFile; fileRef = 8B9B6E5B28FF23F900C99C2F /* SceneDelegate.swift */; };
		8B9B6E5E28FF23F900C99C2F /* ViewController.swift in Sources */ = {isa = PBXBuildFile; fileRef = 8B9B6E5D28FF23F900C99C2F /* ViewController.swift */; };
		8B9B6E6128FF23F900C99C2F /* Main.storyboard in Resources */ = {isa = PBXBuildFile; fileRef = 8B9B6E5F28FF23F900C99C2F /* Main.storyboard */; };
		8B9B6E6328FF23F900C99C2F /* Assets.xcassets in Resources */ = {isa = PBXBuildFile; fileRef = 8B9B6E6228FF23F900C99C2F /* Assets.xcassets */; };
		8B9B6E6628FF23F900C99C2F /* LaunchScreen.storyboard in Resources */ = {isa = PBXBuildFile; fileRef = 8B9B6E6428FF23F900C99C2F /* LaunchScreen.storyboard */; };
		8B9B6E7128FF23F900C99C2F /* ios_sensing_sample_swiftTests.swift in Sources */ = {isa = PBXBuildFile; fileRef = 8B9B6E7028FF23F900C99C2F /* ios_sensing_sample_swiftTests.swift */; };
		8B9B6E7B28FF23F900C99C2F /* ios_sensing_sample_swiftUITests.swift in Sources */ = {isa = PBXBuildFile; fileRef = 8B9B6E7A28FF23F900C99C2F /* ios_sensing_sample_swiftUITests.swift */; };
		8B9B6E7D28FF23F900C99C2F /* ios_sensing_sample_swiftUITestsLaunchTests.swift in Sources */ = {isa = PBXBuildFile; fileRef = 8B9B6E7C28FF23F900C99C2F /* ios_sensing_sample_swiftUITestsLaunchTests.swift */; };
		8B9B6E8B28FF257E00C99C2F /* PSSensing.framework in Frameworks */ = {isa = PBXBuildFile; fileRef = 8B9B6E8A28FF257E00C99C2F /* PSSensing.framework */; };
/* End PBXBuildFile section */

/* Begin PBXContainerItemProxy section */
		8B9B6E6D28FF23F900C99C2F /* PBXContainerItemProxy */ = {
			isa = PBXContainerItemProxy;
			containerPortal = 8B9B6E4E28FF23F900C99C2F /* Project object */;
			proxyType = 1;
			remoteGlobalIDString = 8B9B6E5528FF23F900C99C2F;
			remoteInfo = "ios-sensing-sample-swift";
		};
		8B9B6E7728FF23F900C99C2F /* PBXContainerItemProxy */ = {
			isa = PBXContainerItemProxy;
			containerPortal = 8B9B6E4E28FF23F900C99C2F /* Project object */;
			proxyType = 1;
			remoteGlobalIDString = 8B9B6E5528FF23F900C99C2F;
			remoteInfo = "ios-sensing-sample-swift";
		};
/* End PBXContainerItemProxy section */

/* Begin PBXCopyFilesBuildPhase section */
		8B9B6E8C28FF259C00C99C2F /* Embed Frameworks */ = {
			isa = PBXCopyFilesBuildPhase;
			buildActionMask = 2147483647;
			dstPath = "";
			dstSubfolderSpec = 10;
			files = (
				8B30DDE928FF25BF00CAFB5C /* PSSensing.framework in Embed Frameworks */,
			);
			name = "Embed Frameworks";
			runOnlyForDeploymentPostprocessing = 0;
		};
/* End PBXCopyFilesBuildPhase section */

/* Begin PBXFileReference section */
		8B30DDEB28FF27A900CAFB5C /* ios-sensing-sample-swift-Bridging-Header.h */ = {isa = PBXFileReference; lastKnownFileType = sourcecode.c.h; path = "ios-sensing-sample-swift-Bridging-Header.h"; sourceTree = "<group>"; };
		8B30DDFB2902464D00CAFB5C /* ios-sensing-sample-swift.entitlements */ = {isa = PBXFileReference; lastKnownFileType = text.plist.entitlements; path = "ios-sensing-sample-swift.entitlements"; sourceTree = "<group>"; };
		8B9B6E5628FF23F900C99C2F /* ios-sensing-sample-swift.app */ = {isa = PBXFileReference; explicitFileType = wrapper.application; includeInIndex = 0; path = "ios-sensing-sample-swift.app"; sourceTree = BUILT_PRODUCTS_DIR; };
		8B9B6E5928FF23F900C99C2F /* AppDelegate.swift */ = {isa = PBXFileReference; lastKnownFileType = sourcecode.swift; path = AppDelegate.swift; sourceTree = "<group>"; };
		8B9B6E5B28FF23F900C99C2F /* SceneDelegate.swift */ = {isa = PBXFileReference; lastKnownFileType = sourcecode.swift; path = SceneDelegate.swift; sourceTree = "<group>"; };
		8B9B6E5D28FF23F900C99C2F /* ViewController.swift */ = {isa = PBXFileReference; lastKnownFileType = sourcecode.swift; path = ViewController.swift; sourceTree = "<group>"; };
		8B9B6E6028FF23F900C99C2F /* Base */ = {isa = PBXFileReference; lastKnownFileType = file.storyboard; name = Base; path = Base.lproj/Main.storyboard; sourceTree = "<group>"; };
		8B9B6E6228FF23F900C99C2F /* Assets.xcassets */ = {isa = PBXFileReference; lastKnownFileType = folder.assetcatalog; path = Assets.xcassets; sourceTree = "<group>"; };
		8B9B6E6528FF23F900C99C2F /* Base */ = {isa = PBXFileReference; lastKnownFileType = file.storyboard; name = Base; path = Base.lproj/LaunchScreen.storyboard; sourceTree = "<group>"; };
		8B9B6E6728FF23F900C99C2F /* Info.plist */ = {isa = PBXFileReference; lastKnownFileType = text.plist.xml; path = Info.plist; sourceTree = "<group>"; };
		8B9B6E6C28FF23F900C99C2F /* ios-sensing-sample-swiftTests.xctest */ = {isa = PBXFileReference; explicitFileType = wrapper.cfbundle; includeInIndex = 0; path = "ios-sensing-sample-swiftTests.xctest"; sourceTree = BUILT_PRODUCTS_DIR; };
		8B9B6E7028FF23F900C99C2F /* ios_sensing_sample_swiftTests.swift */ = {isa = PBXFileReference; lastKnownFileType = sourcecode.swift; path = ios_sensing_sample_swiftTests.swift; sourceTree = "<group>"; };
		8B9B6E7628FF23F900C99C2F /* ios-sensing-sample-swiftUITests.xctest */ = {isa = PBXFileReference; explicitFileType = wrapper.cfbundle; includeInIndex = 0; path = "ios-sensing-sample-swiftUITests.xctest"; sourceTree = BUILT_PRODUCTS_DIR; };
		8B9B6E7A28FF23F900C99C2F /* ios_sensing_sample_swiftUITests.swift */ = {isa = PBXFileReference; lastKnownFileType = sourcecode.swift; path = ios_sensing_sample_swiftUITests.swift; sourceTree = "<group>"; };
		8B9B6E7C28FF23F900C99C2F /* ios_sensing_sample_swiftUITestsLaunchTests.swift */ = {isa = PBXFileReference; lastKnownFileType = sourcecode.swift; path = ios_sensing_sample_swiftUITestsLaunchTests.swift; sourceTree = "<group>"; };
		8B9B6E8A28FF257E00C99C2F /* PSSensing.framework */ = {isa = PBXFileReference; lastKnownFileType = wrapper.framework; path = PSSensing.framework; sourceTree = "<group>"; };
/* End PBXFileReference section */

/* Begin PBXFrameworksBuildPhase section */
		8B9B6E5328FF23F900C99C2F /* Frameworks */ = {
			isa = PBXFrameworksBuildPhase;
			buildActionMask = 2147483647;
			files = (
				8B9B6E8B28FF257E00C99C2F /* PSSensing.framework in Frameworks */,
			);
			runOnlyForDeploymentPostprocessing = 0;
		};
		8B9B6E6928FF23F900C99C2F /* Frameworks */ = {
			isa = PBXFrameworksBuildPhase;
			buildActionMask = 2147483647;
			files = (
			);
			runOnlyForDeploymentPostprocessing = 0;
		};
		8B9B6E7328FF23F900C99C2F /* Frameworks */ = {
			isa = PBXFrameworksBuildPhase;
			buildActionMask = 2147483647;
			files = (
			);
			runOnlyForDeploymentPostprocessing = 0;
		};
/* End PBXFrameworksBuildPhase section */

/* Begin PBXGroup section */
		8B9B6E4D28FF23F900C99C2F = {
			isa = PBXGroup;
			children = (
				8B9B6E5828FF23F900C99C2F /* ios-sensing-sample-swift */,
				8B9B6E6F28FF23F900C99C2F /* ios-sensing-sample-swiftTests */,
				8B9B6E7928FF23F900C99C2F /* ios-sensing-sample-swiftUITests */,
				8B9B6E5728FF23F900C99C2F /* Products */,
				8B9B6E8928FF257E00C99C2F /* Frameworks */,
			);
			sourceTree = "<group>";
		};
		8B9B6E5728FF23F900C99C2F /* Products */ = {
			isa = PBXGroup;
			children = (
				8B9B6E5628FF23F900C99C2F /* ios-sensing-sample-swift.app */,
				8B9B6E6C28FF23F900C99C2F /* ios-sensing-sample-swiftTests.xctest */,
				8B9B6E7628FF23F900C99C2F /* ios-sensing-sample-swiftUITests.xctest */,
			);
			name = Products;
			sourceTree = "<group>";
		};
		8B9B6E5828FF23F900C99C2F /* ios-sensing-sample-swift */ = {
			isa = PBXGroup;
			children = (
				8B30DDFB2902464D00CAFB5C /* ios-sensing-sample-swift.entitlements */,
				8B9B6E5928FF23F900C99C2F /* AppDelegate.swift */,
				8B9B6E5B28FF23F900C99C2F /* SceneDelegate.swift */,
				8B9B6E5D28FF23F900C99C2F /* ViewController.swift */,
				8B9B6E5F28FF23F900C99C2F /* Main.storyboard */,
				8B9B6E6228FF23F900C99C2F /* Assets.xcassets */,
				8B9B6E6428FF23F900C99C2F /* LaunchScreen.storyboard */,
				8B9B6E6728FF23F900C99C2F /* Info.plist */,
				8B30DDEB28FF27A900CAFB5C /* ios-sensing-sample-swift-Bridging-Header.h */,
			);
			path = "ios-sensing-sample-swift";
			sourceTree = "<group>";
		};
		8B9B6E6F28FF23F900C99C2F /* ios-sensing-sample-swiftTests */ = {
			isa = PBXGroup;
			children = (
				8B9B6E7028FF23F900C99C2F /* ios_sensing_sample_swiftTests.swift */,
			);
			path = "ios-sensing-sample-swiftTests";
			sourceTree = "<group>";
		};
		8B9B6E7928FF23F900C99C2F /* ios-sensing-sample-swiftUITests */ = {
			isa = PBXGroup;
			children = (
				8B9B6E7A28FF23F900C99C2F /* ios_sensing_sample_swiftUITests.swift */,
				8B9B6E7C28FF23F900C99C2F /* ios_sensing_sample_swiftUITestsLaunchTests.swift */,
			);
			path = "ios-sensing-sample-swiftUITests";
			sourceTree = "<group>";
		};
		8B9B6E8928FF257E00C99C2F /* Frameworks */ = {
			isa = PBXGroup;
			children = (
				8B9B6E8A28FF257E00C99C2F /* PSSensing.framework */,
			);
			name = Frameworks;
			sourceTree = "<group>";
		};
/* End PBXGroup section */

/* Begin PBXNativeTarget section */
		8B9B6E5528FF23F900C99C2F /* ios-sensing-sample-swift */ = {
			isa = PBXNativeTarget;
			buildConfigurationList = 8B9B6E8028FF23F900C99C2F /* Build configuration list for PBXNativeTarget "ios-sensing-sample-swift" */;
			buildPhases = (
				8B9B6E5228FF23F900C99C2F /* Sources */,
				8B9B6E5328FF23F900C99C2F /* Frameworks */,
				8B9B6E5428FF23F900C99C2F /* Resources */,
				8B9B6E8C28FF259C00C99C2F /* Embed Frameworks */,
			);
			buildRules = (
			);
			dependencies = (
			);
			name = "ios-sensing-sample-swift";
			productName = "ios-sensing-sample-swift";
			productReference = 8B9B6E5628FF23F900C99C2F /* ios-sensing-sample-swift.app */;
			productType = "com.apple.product-type.application";
		};
		8B9B6E6B28FF23F900C99C2F /* ios-sensing-sample-swiftTests */ = {
			isa = PBXNativeTarget;
			buildConfigurationList = 8B9B6E8328FF23F900C99C2F /* Build configuration list for PBXNativeTarget "ios-sensing-sample-swiftTests" */;
			buildPhases = (
				8B9B6E6828FF23F900C99C2F /* Sources */,
				8B9B6E6928FF23F900C99C2F /* Frameworks */,
				8B9B6E6A28FF23F900C99C2F /* Resources */,
			);
			buildRules = (
			);
			dependencies = (
				8B9B6E6E28FF23F900C99C2F /* PBXTargetDependency */,
			);
			name = "ios-sensing-sample-swiftTests";
			productName = "ios-sensing-sample-swiftTests";
			productReference = 8B9B6E6C28FF23F900C99C2F /* ios-sensing-sample-swiftTests.xctest */;
			productType = "com.apple.product-type.bundle.unit-test";
		};
		8B9B6E7528FF23F900C99C2F /* ios-sensing-sample-swiftUITests */ = {
			isa = PBXNativeTarget;
			buildConfigurationList = 8B9B6E8628FF23F900C99C2F /* Build configuration list for PBXNativeTarget "ios-sensing-sample-swiftUITests" */;
			buildPhases = (
				8B9B6E7228FF23F900C99C2F /* Sources */,
				8B9B6E7328FF23F900C99C2F /* Frameworks */,
				8B9B6E7428FF23F900C99C2F /* Resources */,
			);
			buildRules = (
			);
			dependencies = (
				8B9B6E7828FF23F900C99C2F /* PBXTargetDependency */,
			);
			name = "ios-sensing-sample-swiftUITests";
			productName = "ios-sensing-sample-swiftUITests";
			productReference = 8B9B6E7628FF23F900C99C2F /* ios-sensing-sample-swiftUITests.xctest */;
			productType = "com.apple.product-type.bundle.ui-testing";
		};
/* End PBXNativeTarget section */

/* Begin PBXProject section */
		8B9B6E4E28FF23F900C99C2F /* Project object */ = {
			isa = PBXProject;
			attributes = {
				BuildIndependentTargetsInParallel = 1;
				LastSwiftUpdateCheck = 1400;
				LastUpgradeCheck = 1400;
				TargetAttributes = {
					8B9B6E5528FF23F900C99C2F = {
						CreatedOnToolsVersion = 14.0.1;
						LastSwiftMigration = 1400;
					};
					8B9B6E6B28FF23F900C99C2F = {
						CreatedOnToolsVersion = 14.0.1;
						TestTargetID = 8B9B6E5528FF23F900C99C2F;
					};
					8B9B6E7528FF23F900C99C2F = {
						CreatedOnToolsVersion = 14.0.1;
						TestTargetID = 8B9B6E5528FF23F900C99C2F;
					};
				};
			};
			buildConfigurationList = 8B9B6E5128FF23F900C99C2F /* Build configuration list for PBXProject "ios-sensing-sample-swift" */;
			compatibilityVersion = "Xcode 14.0";
			developmentRegion = en;
			hasScannedForEncodings = 0;
			knownRegions = (
				en,
				Base,
			);
			mainGroup = 8B9B6E4D28FF23F900C99C2F;
			productRefGroup = 8B9B6E5728FF23F900C99C2F /* Products */;
			projectDirPath = "";
			projectRoot = "";
			targets = (
				8B9B6E5528FF23F900C99C2F /* ios-sensing-sample-swift */,
				8B9B6E6B28FF23F900C99C2F /* ios-sensing-sample-swiftTests */,
				8B9B6E7528FF23F900C99C2F /* ios-sensing-sample-swiftUITests */,
			);
		};
/* End PBXProject section */

/* Begin PBXResourcesBuildPhase section */
		8B9B6E5428FF23F900C99C2F /* Resources */ = {
			isa = PBXResourcesBuildPhase;
			buildActionMask = 2147483647;
			files = (
				8B9B6E6628FF23F900C99C2F /* LaunchScreen.storyboard in Resources */,
				8B9B6E6328FF23F900C99C2F /* Assets.xcassets in Resources */,
				8B9B6E6128FF23F900C99C2F /* Main.storyboard in Resources */,
			);
			runOnlyForDeploymentPostprocessing = 0;
		};
		8B9B6E6A28FF23F900C99C2F /* Resources */ = {
			isa = PBXResourcesBuildPhase;
			buildActionMask = 2147483647;
			files = (
			);
			runOnlyForDeploymentPostprocessing = 0;
		};
		8B9B6E7428FF23F900C99C2F /* Resources */ = {
			isa = PBXResourcesBuildPhase;
			buildActionMask = 2147483647;
			files = (
			);
			runOnlyForDeploymentPostprocessing = 0;
		};
/* End PBXResourcesBuildPhase section */

/* Begin PBXSourcesBuildPhase section */
		8B9B6E5228FF23F900C99C2F /* Sources */ = {
			isa = PBXSourcesBuildPhase;
			buildActionMask = 2147483647;
			files = (
				8B9B6E5E28FF23F900C99C2F /* ViewController.swift in Sources */,
				8B9B6E5A28FF23F900C99C2F /* AppDelegate.swift in Sources */,
				8B9B6E5C28FF23F900C99C2F /* SceneDelegate.swift in Sources */,
			);
			runOnlyForDeploymentPostprocessing = 0;
		};
		8B9B6E6828FF23F900C99C2F /* Sources */ = {
			isa = PBXSourcesBuildPhase;
			buildActionMask = 2147483647;
			files = (
				8B9B6E7128FF23F900C99C2F /* ios_sensing_sample_swiftTests.swift in Sources */,
			);
			runOnlyForDeploymentPostprocessing = 0;
		};
		8B9B6E7228FF23F900C99C2F /* Sources */ = {
			isa = PBXSourcesBuildPhase;
			buildActionMask = 2147483647;
			files = (
				8B9B6E7D28FF23F900C99C2F /* ios_sensing_sample_swiftUITestsLaunchTests.swift in Sources */,
				8B9B6E7B28FF23F900C99C2F /* ios_sensing_sample_swiftUITests.swift in Sources */,
			);
			runOnlyForDeploymentPostprocessing = 0;
		};
/* End PBXSourcesBuildPhase section */

/* Begin PBXTargetDependency section */
		8B9B6E6E28FF23F900C99C2F /* PBXTargetDependency */ = {
			isa = PBXTargetDependency;
			target = 8B9B6E5528FF23F900C99C2F /* ios-sensing-sample-swift */;
			targetProxy = 8B9B6E6D28FF23F900C99C2F /* PBXContainerItemProxy */;
		};
		8B9B6E7828FF23F900C99C2F /* PBXTargetDependency */ = {
			isa = PBXTargetDependency;
			target = 8B9B6E5528FF23F900C99C2F /* ios-sensing-sample-swift */;
			targetProxy = 8B9B6E7728FF23F900C99C2F /* PBXContainerItemProxy */;
		};
/* End PBXTargetDependency section */

/* Begin PBXVariantGroup section */
		8B9B6E5F28FF23F900C99C2F /* Main.storyboard */ = {
			isa = PBXVariantGroup;
			children = (
				8B9B6E6028FF23F900C99C2F /* Base */,
			);
			name = Main.storyboard;
			sourceTree = "<group>";
		};
		8B9B6E6428FF23F900C99C2F /* LaunchScreen.storyboard */ = {
			isa = PBXVariantGroup;
			children = (
				8B9B6E6528FF23F900C99C2F /* Base */,
			);
			name = LaunchScreen.storyboard;
			sourceTree = "<group>";
		};
/* End PBXVariantGroup section */

/* Begin XCBuildConfiguration section */
		8B9B6E7E28FF23F900C99C2F /* Debug */ = {
			isa = XCBuildConfiguration;
			buildSettings = {
				ALWAYS_SEARCH_USER_PATHS = NO;
				CLANG_ANALYZER_NONNULL = YES;
				CLANG_ANALYZER_NUMBER_OBJECT_CONVERSION = YES_AGGRESSIVE;
				CLANG_CXX_LANGUAGE_STANDARD = "gnu++20";
				CLANG_ENABLE_MODULES = YES;
				CLANG_ENABLE_OBJC_ARC = YES;
				CLANG_ENABLE_OBJC_WEAK = YES;
				CLANG_WARN_BLOCK_CAPTURE_AUTORELEASING = YES;
				CLANG_WARN_BOOL_CONVERSION = YES;
				CLANG_WARN_COMMA = YES;
				CLANG_WARN_CONSTANT_CONVERSION = YES;
				CLANG_WARN_DEPRECATED_OBJC_IMPLEMENTATIONS = YES;
				CLANG_WARN_DIRECT_OBJC_ISA_USAGE = YES_ERROR;
				CLANG_WARN_DOCUMENTATION_COMMENTS = YES;
				CLANG_WARN_EMPTY_BODY = YES;
				CLANG_WARN_ENUM_CONVERSION = YES;
				CLANG_WARN_INFINITE_RECURSION = YES;
				CLANG_WARN_INT_CONVERSION = YES;
				CLANG_WARN_NON_LITERAL_NULL_CONVERSION = YES;
				CLANG_WARN_OBJC_IMPLICIT_RETAIN_SELF = YES;
				CLANG_WARN_OBJC_LITERAL_CONVERSION = YES;
				CLANG_WARN_OBJC_ROOT_CLASS = YES_ERROR;
				CLANG_WARN_QUOTED_INCLUDE_IN_FRAMEWORK_HEADER = YES;
				CLANG_WARN_RANGE_LOOP_ANALYSIS = YES;
				CLANG_WARN_STRICT_PROTOTYPES = YES;
				CLANG_WARN_SUSPICIOUS_MOVE = YES;
				CLANG_WARN_UNGUARDED_AVAILABILITY = YES_AGGRESSIVE;
				CLANG_WARN_UNREACHABLE_CODE = YES;
				CLANG_WARN__DUPLICATE_METHOD_MATCH = YES;
				COPY_PHASE_STRIP = NO;
				DEBUG_INFORMATION_FORMAT = dwarf;
				ENABLE_STRICT_OBJC_MSGSEND = YES;
				ENABLE_TESTABILITY = YES;
				GCC_C_LANGUAGE_STANDARD = gnu11;
				GCC_DYNAMIC_NO_PIC = NO;
				GCC_NO_COMMON_BLOCKS = YES;
				GCC_OPTIMIZATION_LEVEL = 0;
				GCC_PREPROCESSOR_DEFINITIONS = (
					"DEBUG=1",
					"$(inherited)",
				);
				GCC_WARN_64_TO_32_BIT_CONVERSION = YES;
				GCC_WARN_ABOUT_RETURN_TYPE = YES_ERROR;
				GCC_WARN_UNDECLARED_SELECTOR = YES;
				GCC_WARN_UNINITIALIZED_AUTOS = YES_AGGRESSIVE;
				GCC_WARN_UNUSED_FUNCTION = YES;
				GCC_WARN_UNUSED_VARIABLE = YES;
				IPHONEOS_DEPLOYMENT_TARGET = 16.0;
				MTL_ENABLE_DEBUG_INFO = INCLUDE_SOURCE;
				MTL_FAST_MATH = YES;
				ONLY_ACTIVE_ARCH = YES;
				SDKROOT = iphoneos;
				SWIFT_ACTIVE_COMPILATION_CONDITIONS = DEBUG;
				SWIFT_OPTIMIZATION_LEVEL = "-Onone";
			};
			name = Debug;
		};
		8B9B6E7F28FF23F900C99C2F /* Release */ = {
			isa = XCBuildConfiguration;
			buildSettings = {
				ALWAYS_SEARCH_USER_PATHS = NO;
				CLANG_ANALYZER_NONNULL = YES;
				CLANG_ANALYZER_NUMBER_OBJECT_CONVERSION = YES_AGGRESSIVE;
				CLANG_CXX_LANGUAGE_STANDARD = "gnu++20";
				CLANG_ENABLE_MODULES = YES;
				CLANG_ENABLE_OBJC_ARC = YES;
				CLANG_ENABLE_OBJC_WEAK = YES;
				CLANG_WARN_BLOCK_CAPTURE_AUTORELEASING = YES;
				CLANG_WARN_BOOL_CONVERSION = YES;
				CLANG_WARN_COMMA = YES;
				CLANG_WARN_CONSTANT_CONVERSION = YES;
				CLANG_WARN_DEPRECATED_OBJC_IMPLEMENTATIONS = YES;
				CLANG_WARN_DIRECT_OBJC_ISA_USAGE = YES_ERROR;
				CLANG_WARN_DOCUMENTATION_COMMENTS = YES;
				CLANG_WARN_EMPTY_BODY = YES;
				CLANG_WARN_ENUM_CONVERSION = YES;
				CLANG_WARN_INFINITE_RECURSION = YES;
				CLANG_WARN_INT_CONVERSION = YES;
				CLANG_WARN_NON_LITERAL_NULL_CONVERSION = YES;
				CLANG_WARN_OBJC_IMPLICIT_RETAIN_SELF = YES;
				CLANG_WARN_OBJC_LITERAL_CONVERSION = YES;
				CLANG_WARN_OBJC_ROOT_CLASS = YES_ERROR;
				CLANG_WARN_QUOTED_INCLUDE_IN_FRAMEWORK_HEADER = YES;
				CLANG_WARN_RANGE_LOOP_ANALYSIS = YES;
				CLANG_WARN_STRICT_PROTOTYPES = YES;
				CLANG_WARN_SUSPICIOUS_MOVE = YES;
				CLANG_WARN_UNGUARDED_AVAILABILITY = YES_AGGRESSIVE;
				CLANG_WARN_UNREACHABLE_CODE = YES;
				CLANG_WARN__DUPLICATE_METHOD_MATCH = YES;
				COPY_PHASE_STRIP = NO;
				DEBUG_INFORMATION_FORMAT = "dwarf-with-dsym";
				ENABLE_NS_ASSERTIONS = NO;
				ENABLE_STRICT_OBJC_MSGSEND = YES;
				GCC_C_LANGUAGE_STANDARD = gnu11;
				GCC_NO_COMMON_BLOCKS = YES;
				GCC_WARN_64_TO_32_BIT_CONVERSION = YES;
				GCC_WARN_ABOUT_RETURN_TYPE = YES_ERROR;
				GCC_WARN_UNDECLARED_SELECTOR = YES;
				GCC_WARN_UNINITIALIZED_AUTOS = YES_AGGRESSIVE;
				GCC_WARN_UNUSED_FUNCTION = YES;
				GCC_WARN_UNUSED_VARIABLE = YES;
				IPHONEOS_DEPLOYMENT_TARGET = 16.0;
				MTL_ENABLE_DEBUG_INFO = NO;
				MTL_FAST_MATH = YES;
				SDKROOT = iphoneos;
				SWIFT_COMPILATION_MODE = wholemodule;
				SWIFT_OPTIMIZATION_LEVEL = "-O";
				VALIDATE_PRODUCT = YES;
			};
			name = Release;
		};
		8B9B6E8128FF23F900C99C2F /* Debug */ = {
			isa = XCBuildConfiguration;
			buildSettings = {
				ASSETCATALOG_COMPILER_APPICON_NAME = AppIcon;
				ASSETCATALOG_COMPILER_GLOBAL_ACCENT_COLOR_NAME = AccentColor;
				CLANG_ENABLE_MODULES = YES;
				CODE_SIGN_ENTITLEMENTS = "ios-sensing-sample-swift/ios-sensing-sample-swift.entitlements";
				CODE_SIGN_STYLE = Automatic;
				CURRENT_PROJECT_VERSION = 1;
				DEVELOPMENT_TEAM = P733E8R47B;
				FRAMEWORK_SEARCH_PATHS = (
					"$(inherited)",
					"$(PROJECT_DIR)",
				);
				GENERATE_INFOPLIST_FILE = YES;
				INFOPLIST_FILE = "ios-sensing-sample-swift/Info.plist";
				INFOPLIST_KEY_NSBluetoothAlwaysUsageDescription = "Please allow bluetooth access";
				INFOPLIST_KEY_NSHealthClinicalHealthRecordsShareUsageDescription = "Please allow access to step counts";
				INFOPLIST_KEY_NSHealthShareUsageDescription = "Please allow access to HealthKit";
				INFOPLIST_KEY_NSLocationAlwaysAndWhenInUseUsageDescription = "Please allow location access";
				INFOPLIST_KEY_NSLocationAlwaysUsageDescription = "Please allow location access";
				INFOPLIST_KEY_NSLocationWhenInUseUsageDescription = "Please allow location access";
				INFOPLIST_KEY_NSMotionUsageDescription = "Please allow motion data";
				INFOPLIST_KEY_UIApplicationSupportsIndirectInputEvents = YES;
				INFOPLIST_KEY_UILaunchStoryboardName = LaunchScreen;
				INFOPLIST_KEY_UIMainStoryboardFile = Main;
				INFOPLIST_KEY_UISupportedInterfaceOrientations_iPad = "UIInterfaceOrientationPortrait UIInterfaceOrientationPortraitUpsideDown UIInterfaceOrientationLandscapeLeft UIInterfaceOrientationLandscapeRight";
				INFOPLIST_KEY_UISupportedInterfaceOrientations_iPhone = "UIInterfaceOrientationPortrait UIInterfaceOrientationLandscapeLeft UIInterfaceOrientationLandscapeRight";
				IPHONEOS_DEPLOYMENT_TARGET = 13.0;
				LD_RUNPATH_SEARCH_PATHS = (
					"$(inherited)",
					"@executable_path/Frameworks",
				);
				MARKETING_VERSION = 1.0;
				PRODUCT_BUNDLE_IDENTIFIER = "com.varunmishra.ios-sensing-sample-swift";
				PRODUCT_NAME = "$(TARGET_NAME)";
				SWIFT_EMIT_LOC_STRINGS = YES;
				SWIFT_OBJC_BRIDGING_HEADER = "ios-sensing-sample-swift/ios-sensing-sample-swift-Bridging-Header.h";
				SWIFT_OPTIMIZATION_LEVEL = "-Onone";
				SWIFT_VERSION = 5.0;
				TARGETED_DEVICE_FAMILY = "1,2";
			};
			name = Debug;
		};
		8B9B6E8228FF23F900C99C2F /* Release */ = {
			isa = XCBuildConfiguration;
			buildSettings = {
				ASSETCATALOG_COMPILER_APPICON_NAME = AppIcon;
				ASSETCATALOG_COMPILER_GLOBAL_ACCENT_COLOR_NAME = AccentColor;
				CLANG_ENABLE_MODULES = YES;
				CODE_SIGN_ENTITLEMENTS = "ios-sensing-sample-swift/ios-sensing-sample-swift.entitlements";
				CODE_SIGN_STYLE = Automatic;
				CURRENT_PROJECT_VERSION = 1;
				DEVELOPMENT_TEAM = P733E8R47B;
				FRAMEWORK_SEARCH_PATHS = (
					"$(inherited)",
					"$(PROJECT_DIR)",
				);
				GENERATE_INFOPLIST_FILE = YES;
				INFOPLIST_FILE = "ios-sensing-sample-swift/Info.plist";
				INFOPLIST_KEY_NSBluetoothAlwaysUsageDescription = "Please allow bluetooth access";
				INFOPLIST_KEY_NSHealthClinicalHealthRecordsShareUsageDescription = "Please allow access to step counts";
				INFOPLIST_KEY_NSHealthShareUsageDescription = "Please allow access to HealthKit";
				INFOPLIST_KEY_NSLocationAlwaysAndWhenInUseUsageDescription = "Please allow location access";
				INFOPLIST_KEY_NSLocationAlwaysUsageDescription = "Please allow location access";
				INFOPLIST_KEY_NSLocationWhenInUseUsageDescription = "Please allow location access";
				INFOPLIST_KEY_NSMotionUsageDescription = "Please allow motion data";
				INFOPLIST_KEY_UIApplicationSupportsIndirectInputEvents = YES;
				INFOPLIST_KEY_UILaunchStoryboardName = LaunchScreen;
				INFOPLIST_KEY_UIMainStoryboardFile = Main;
				INFOPLIST_KEY_UISupportedInterfaceOrientations_iPad = "UIInterfaceOrientationPortrait UIInterfaceOrientationPortraitUpsideDown UIInterfaceOrientationLandscapeLeft UIInterfaceOrientationLandscapeRight";
				INFOPLIST_KEY_UISupportedInterfaceOrientations_iPhone = "UIInterfaceOrientationPortrait UIInterfaceOrientationLandscapeLeft UIInterfaceOrientationLandscapeRight";
				IPHONEOS_DEPLOYMENT_TARGET = 13.0;
				LD_RUNPATH_SEARCH_PATHS = (
					"$(inherited)",
					"@executable_path/Frameworks",
				);
				MARKETING_VERSION = 1.0;
				PRODUCT_BUNDLE_IDENTIFIER = "com.varunmishra.ios-sensing-sample-swift";
				PRODUCT_NAME = "$(TARGET_NAME)";
				SWIFT_EMIT_LOC_STRINGS = YES;
				SWIFT_OBJC_BRIDGING_HEADER = "ios-sensing-sample-swift/ios-sensing-sample-swift-Bridging-Header.h";
				SWIFT_VERSION = 5.0;
				TARGETED_DEVICE_FAMILY = "1,2";
			};
			name = Release;
		};
		8B9B6E8428FF23F900C99C2F /* Debug */ = {
			isa = XCBuildConfiguration;
			buildSettings = {
				ALWAYS_EMBED_SWIFT_STANDARD_LIBRARIES = YES;
				BUNDLE_LOADER = "$(TEST_HOST)";
				CODE_SIGN_STYLE = Automatic;
				CURRENT_PROJECT_VERSION = 1;
				DEVELOPMENT_TEAM = P733E8R47B;
				GENERATE_INFOPLIST_FILE = YES;
				IPHONEOS_DEPLOYMENT_TARGET = 16.0;
				MARKETING_VERSION = 1.0;
				PRODUCT_BUNDLE_IDENTIFIER = "com.varunmishra.ios-sensing-sample-swiftTests";
				PRODUCT_NAME = "$(TARGET_NAME)";
				SWIFT_EMIT_LOC_STRINGS = NO;
				SWIFT_VERSION = 5.0;
				TARGETED_DEVICE_FAMILY = "1,2";
				TEST_HOST = "$(BUILT_PRODUCTS_DIR)/ios-sensing-sample-swift.app/$(BUNDLE_EXECUTABLE_FOLDER_PATH)/ios-sensing-sample-swift";
			};
			name = Debug;
		};
		8B9B6E8528FF23F900C99C2F /* Release */ = {
			isa = XCBuildConfiguration;
			buildSettings = {
				ALWAYS_EMBED_SWIFT_STANDARD_LIBRARIES = YES;
				BUNDLE_LOADER = "$(TEST_HOST)";
				CODE_SIGN_STYLE = Automatic;
				CURRENT_PROJECT_VERSION = 1;
				DEVELOPMENT_TEAM = P733E8R47B;
				GENERATE_INFOPLIST_FILE = YES;
				IPHONEOS_DEPLOYMENT_TARGET = 16.0;
				MARKETING_VERSION = 1.0;
				PRODUCT_BUNDLE_IDENTIFIER = "com.varunmishra.ios-sensing-sample-swiftTests";
				PRODUCT_NAME = "$(TARGET_NAME)";
				SWIFT_EMIT_LOC_STRINGS = NO;
				SWIFT_VERSION = 5.0;
				TARGETED_DEVICE_FAMILY = "1,2";
				TEST_HOST = "$(BUILT_PRODUCTS_DIR)/ios-sensing-sample-swift.app/$(BUNDLE_EXECUTABLE_FOLDER_PATH)/ios-sensing-sample-swift";
			};
			name = Release;
		};
		8B9B6E8728FF23F900C99C2F /* Debug */ = {
			isa = XCBuildConfiguration;
			buildSettings = {
				ALWAYS_EMBED_SWIFT_STANDARD_LIBRARIES = YES;
				CODE_SIGN_STYLE = Automatic;
				CURRENT_PROJECT_VERSION = 1;
				DEVELOPMENT_TEAM = P733E8R47B;
				GENERATE_INFOPLIST_FILE = YES;
				MARKETING_VERSION = 1.0;
				PRODUCT_BUNDLE_IDENTIFIER = "com.varunmishra.ios-sensing-sample-swiftUITests";
				PRODUCT_NAME = "$(TARGET_NAME)";
				SWIFT_EMIT_LOC_STRINGS = NO;
				SWIFT_VERSION = 5.0;
				TARGETED_DEVICE_FAMILY = "1,2";
				TEST_TARGET_NAME = "ios-sensing-sample-swift";
			};
			name = Debug;
		};
		8B9B6E8828FF23F900C99C2F /* Release */ = {
			isa = XCBuildConfiguration;
			buildSettings = {
				ALWAYS_EMBED_SWIFT_STANDARD_LIBRARIES = YES;
				CODE_SIGN_STYLE = Automatic;
				CURRENT_PROJECT_VERSION = 1;
				DEVELOPMENT_TEAM = P733E8R47B;
				GENERATE_INFOPLIST_FILE = YES;
				MARKETING_VERSION = 1.0;
				PRODUCT_BUNDLE_IDENTIFIER = "com.varunmishra.ios-sensing-sample-swiftUITests";
				PRODUCT_NAME = "$(TARGET_NAME)";
				SWIFT_EMIT_LOC_STRINGS = NO;
				SWIFT_VERSION = 5.0;
				TARGETED_DEVICE_FAMILY = "1,2";
				TEST_TARGET_NAME = "ios-sensing-sample-swift";
			};
			name = Release;
		};
/* End XCBuildConfiguration section */

/* Begin XCConfigurationList section */
		8B9B6E5128FF23F900C99C2F /* Build configuration list for PBXProject "ios-sensing-sample-swift" */ = {
			isa = XCConfigurationList;
			buildConfigurations = (
				8B9B6E7E28FF23F900C99C2F /* Debug */,
				8B9B6E7F28FF23F900C99C2F /* Release */,
			);
			defaultConfigurationIsVisible = 0;
			defaultConfigurationName = Release;
		};
		8B9B6E8028FF23F900C99C2F /* Build configuration list for PBXNativeTarget "ios-sensing-sample-swift" */ = {
			isa = XCConfigurationList;
			buildConfigurations = (
				8B9B6E8128FF23F900C99C2F /* Debug */,
				8B9B6E8228FF23F900C99C2F /* Release */,
			);
			defaultConfigurationIsVisible = 0;
			defaultConfigurationName = Release;
		};
		8B9B6E8328FF23F900C99C2F /* Build configuration list for PBXNativeTarget "ios-sensing-sample-swiftTests" */ = {
			isa = XCConfigurationList;
			buildConfigurations = (
				8B9B6E8428FF23F900C99C2F /* Debug */,
				8B9B6E8528FF23F900C99C2F /* Release */,
			);
			defaultConfigurationIsVisible = 0;
			defaultConfigurationName = Release;
		};
		8B9B6E8628FF23F900C99C2F /* Build configuration list for PBXNativeTarget "ios-sensing-sample-swiftUITests" */ = {
			isa = XCConfigurationList;
			buildConfigurations = (
				8B9B6E8728FF23F900C99C2F /* Debug */,
				8B9B6E8828FF23F900C99C2F /* Release */,
			);
			defaultConfigurationIsVisible = 0;
			defaultConfigurationName = Release;
		};
/* End XCConfigurationList section */
	};
	rootObject = 8B9B6E4E28FF23F900C99C2F /* Project object */;
}
